# THIS IS AN AUTOGENERATED FILE. DO NOT EDIT THIS FILE DIRECTLY.
# yarn lockfile v1


"@0no-co/graphql.web@^1.0.1":
  version "1.0.4"
  resolved "https://registry.yarnpkg.com/@0no-co/graphql.web/-/graphql.web-1.0.4.tgz#9606eb651955499525d068ce0ad8bea596286ce2"
  integrity sha512-W3ezhHGfO0MS1PtGloaTpg0PbaT8aZSmmaerL7idtU5F7oCI+uu25k+MsMS31BVFlp4aMkHSrNRxiD72IlK8TA==

"@babel/runtime@^7.20.13":
  version "7.23.9"
  resolved "https://registry.yarnpkg.com/@babel/runtime/-/runtime-7.23.9.tgz#47791a15e4603bb5f905bc0753801cf21d6345f7"
  integrity sha512-0CX6F+BI2s9dkUqr08KFrAIZgNFj75rdBU/DjCyYLIaV/quFjkk6T+EJ2LkZHyZTbEV4L5p97mNkUsHl2wLFAw==
  dependencies:
    regenerator-runtime "^0.14.0"

"@envelop/core@^5.0.0":
  version "5.0.0"
  resolved "https://registry.yarnpkg.com/@envelop/core/-/core-5.0.0.tgz#131616ad9685599e501b14fdf1a983cfd3b72020"
  integrity sha512-aJdnH/ptv+cvwfvciCBe7TSvccBwo9g0S5f6u35TBVzRVqIGkK03lFlIL+x1cnfZgN9EfR2b1PH2galrT1CdCQ==
  dependencies:
    "@envelop/types" "5.0.0"
    tslib "^2.5.0"

"@envelop/types@5.0.0":
  version "5.0.0"
  resolved "https://registry.yarnpkg.com/@envelop/types/-/types-5.0.0.tgz#3ae59b50ec31d4bdcc7bd0b47e9c8cf2ac44b0ff"
  integrity sha512-IPjmgSc4KpQRlO4qbEDnBEixvtb06WDmjKfi/7fkZaryh5HuOmTtixe1EupQI5XfXO8joc3d27uUZ0QdC++euA==
  dependencies:
    tslib "^2.5.0"

"@graphql-tools/executor@^1.0.0":
  version "1.2.0"
  resolved "https://registry.yarnpkg.com/@graphql-tools/executor/-/executor-1.2.0.tgz#6c45f4add765769d9820c4c4405b76957ba39c79"
  integrity sha512-SKlIcMA71Dha5JnEWlw4XxcaJ+YupuXg0QCZgl2TOLFz4SkGCwU/geAsJvUJFwK2RbVLpQv/UMq67lOaBuwDtg==
  dependencies:
    "@graphql-tools/utils" "^10.0.0"
    "@graphql-typed-document-node/core" "3.2.0"
    "@repeaterjs/repeater" "^3.0.4"
    tslib "^2.4.0"
    value-or-promise "^1.0.12"

"@graphql-tools/merge@^9.0.1":
  version "9.0.1"
  resolved "https://registry.yarnpkg.com/@graphql-tools/merge/-/merge-9.0.1.tgz#693f15da152339284469b1ce5c6827e3ae350a29"
  integrity sha512-hIEExWO9fjA6vzsVjJ3s0cCQ+Q/BEeMVJZtMXd7nbaVefVy0YDyYlEkeoYYNV3NVVvu1G9lr6DM1Qd0DGo9Caw==
  dependencies:
    "@graphql-tools/utils" "^10.0.10"
    tslib "^2.4.0"

"@graphql-tools/schema@^10.0.0":
  version "10.0.2"
  resolved "https://registry.yarnpkg.com/@graphql-tools/schema/-/schema-10.0.2.tgz#21bc2ee25a65fb4890d2e5f9f22ef1f733aa81da"
  integrity sha512-TbPsIZnWyDCLhgPGnDjt4hosiNU2mF/rNtSk5BVaXWnZqvKJ6gzJV4fcHcvhRIwtscDMW2/YTnK6dLVnk8pc4w==
  dependencies:
    "@graphql-tools/merge" "^9.0.1"
    "@graphql-tools/utils" "^10.0.10"
    tslib "^2.4.0"
    value-or-promise "^1.0.12"

"@graphql-tools/utils@^10.0.0", "@graphql-tools/utils@^10.0.10":
  version "10.0.13"
  resolved "https://registry.yarnpkg.com/@graphql-tools/utils/-/utils-10.0.13.tgz#d0ab7a4dd02a8405f5ef62dd140b7579ba69f8cb"
  integrity sha512-fMILwGr5Dm2zefNItjQ6C2rauigklv69LIwppccICuGTnGaOp3DspLt/6Lxj72cbg5d9z60Sr+Egco3CJKLsNg==
  dependencies:
    "@graphql-typed-document-node/core" "^3.1.1"
    cross-inspect "1.0.0"
    dset "^3.1.2"
    tslib "^2.4.0"

"@graphql-typed-document-node/core@3.2.0", "@graphql-typed-document-node/core@^3.1.1":
  version "3.2.0"
  resolved "https://registry.yarnpkg.com/@graphql-typed-document-node/core/-/core-3.2.0.tgz#5f3d96ec6b2354ad6d8a28bf216a1d97b5426861"
  integrity sha512-mB9oAsNCm9aM3/SOv4YtBMqZbYj10R7dkq8byBqxGY/ncFwhf2oQzMV+LCRlWoDSEBJ3COiR1yeDvMtsoOsuFQ==

"@graphql-yoga/logger@^2.0.0":
  version "2.0.0"
  resolved "https://registry.yarnpkg.com/@graphql-yoga/logger/-/logger-2.0.0.tgz#51c91cf07fc42b0d100d887315a20a4c9cac342e"
  integrity sha512-Mg8psdkAp+YTG1OGmvU+xa6xpsAmSir0hhr3yFYPyLNwzUj95DdIwsMpKadDj9xDpYgJcH3Hp/4JMal9DhQimA==
  dependencies:
    tslib "^2.5.2"

"@graphql-yoga/subscription@^5.0.0":
  version "5.0.0"
  resolved "https://registry.yarnpkg.com/@graphql-yoga/subscription/-/subscription-5.0.0.tgz#c0aedd3f7c0c0564a2fe687e9f45c16f70bdffc5"
  integrity sha512-Ri7sK8hmxd/kwaEa0YT8uqQUb2wOLsmBMxI90QDyf96lzOMJRgBuNYoEkU1pSgsgmW2glceZ96sRYfaXqwVxUw==
  dependencies:
    "@graphql-yoga/typed-event-target" "^3.0.0"
    "@repeaterjs/repeater" "^3.0.4"
    "@whatwg-node/events" "^0.1.0"
    tslib "^2.5.2"

"@graphql-yoga/typed-event-target@^3.0.0":
  version "3.0.0"
  resolved "https://registry.yarnpkg.com/@graphql-yoga/typed-event-target/-/typed-event-target-3.0.0.tgz#57dc42e052d8294555d26ee61854d72a0236fee0"
  integrity sha512-w+liuBySifrstuHbFrHoHAEyVnDFVib+073q8AeAJ/qqJfvFvAwUPLLtNohR/WDVRgSasfXtl3dcNuVJWN+rjg==
  dependencies:
    "@repeaterjs/repeater" "^3.0.4"
    tslib "^2.5.2"

"@kamilkisiela/fast-url-parser@^1.1.4":
  version "1.1.4"
  resolved "https://registry.yarnpkg.com/@kamilkisiela/fast-url-parser/-/fast-url-parser-1.1.4.tgz#9d68877a489107411b953c54ea65d0658b515809"
  integrity sha512-gbkePEBupNydxCelHCESvFSFM8XPh1Zs/OAVRW/rKpEqPAl5PbOM90Si8mv9bvnR53uPD2s/FiRxdvSejpRJew==

"@next-auth/prisma-adapter@^1.0.7":
  version "1.0.7"
  resolved "https://registry.yarnpkg.com/@next-auth/prisma-adapter/-/prisma-adapter-1.0.7.tgz#86195e9cc5a23a9e71370c7e8745b630388143b1"
  integrity sha512-Cdko4KfcmKjsyHFrWwZ//lfLUbcLqlyFqjd/nYE2m3aZ7tjMNUjpks47iw7NTCnXf+5UWz5Ypyt1dSs1EP5QJw==

"@next/env@14.1.0":
  version "14.1.0"
  resolved "https://registry.yarnpkg.com/@next/env/-/env-14.1.0.tgz#43d92ebb53bc0ae43dcc64fb4d418f8f17d7a341"
  integrity sha512-Py8zIo+02ht82brwwhTg36iogzFqGLPXlRGKQw5s+qP/kMNc4MAyDeEwBKDijk6zTIbegEgu8Qy7C1LboslQAw==

"@next/swc-darwin-arm64@14.1.0":
  version "14.1.0"
  resolved "https://registry.yarnpkg.com/@next/swc-darwin-arm64/-/swc-darwin-arm64-14.1.0.tgz#70a57c87ab1ae5aa963a3ba0f4e59e18f4ecea39"
  integrity sha512-nUDn7TOGcIeyQni6lZHfzNoo9S0euXnu0jhsbMOmMJUBfgsnESdjN97kM7cBqQxZa8L/bM9om/S5/1dzCrW6wQ==

"@next/swc-darwin-x64@14.1.0":
  version "14.1.0"
  resolved "https://registry.yarnpkg.com/@next/swc-darwin-x64/-/swc-darwin-x64-14.1.0.tgz#0863a22feae1540e83c249384b539069fef054e9"
  integrity sha512-1jgudN5haWxiAl3O1ljUS2GfupPmcftu2RYJqZiMJmmbBT5M1XDffjUtRUzP4W3cBHsrvkfOFdQ71hAreNQP6g==

"@next/swc-linux-arm64-gnu@14.1.0":
  version "14.1.0"
  resolved "https://registry.yarnpkg.com/@next/swc-linux-arm64-gnu/-/swc-linux-arm64-gnu-14.1.0.tgz#893da533d3fce4aec7116fe772d4f9b95232423c"
  integrity sha512-RHo7Tcj+jllXUbK7xk2NyIDod3YcCPDZxj1WLIYxd709BQ7WuRYl3OWUNG+WUfqeQBds6kvZYlc42NJJTNi4tQ==

"@next/swc-linux-arm64-musl@14.1.0":
  version "14.1.0"
  resolved "https://registry.yarnpkg.com/@next/swc-linux-arm64-musl/-/swc-linux-arm64-musl-14.1.0.tgz#d81ddcf95916310b8b0e4ad32b637406564244c0"
  integrity sha512-v6kP8sHYxjO8RwHmWMJSq7VZP2nYCkRVQ0qolh2l6xroe9QjbgV8siTbduED4u0hlk0+tjS6/Tuy4n5XCp+l6g==

"@next/swc-linux-x64-gnu@14.1.0":
  version "14.1.0"
  resolved "https://registry.yarnpkg.com/@next/swc-linux-x64-gnu/-/swc-linux-x64-gnu-14.1.0.tgz#18967f100ec19938354332dcb0268393cbacf581"
  integrity sha512-zJ2pnoFYB1F4vmEVlb/eSe+VH679zT1VdXlZKX+pE66grOgjmKJHKacf82g/sWE4MQ4Rk2FMBCRnX+l6/TVYzQ==

"@next/swc-linux-x64-musl@14.1.0":
  version "14.1.0"
  resolved "https://registry.yarnpkg.com/@next/swc-linux-x64-musl/-/swc-linux-x64-musl-14.1.0.tgz#77077cd4ba8dda8f349dc7ceb6230e68ee3293cf"
  integrity sha512-rbaIYFt2X9YZBSbH/CwGAjbBG2/MrACCVu2X0+kSykHzHnYH5FjHxwXLkcoJ10cX0aWCEynpu+rP76x0914atg==

"@next/swc-win32-arm64-msvc@14.1.0":
  version "14.1.0"
  resolved "https://registry.yarnpkg.com/@next/swc-win32-arm64-msvc/-/swc-win32-arm64-msvc-14.1.0.tgz#5f0b8cf955644104621e6d7cc923cad3a4c5365a"
  integrity sha512-o1N5TsYc8f/HpGt39OUQpQ9AKIGApd3QLueu7hXk//2xq5Z9OxmV6sQfNp8C7qYmiOlHYODOGqNNa0e9jvchGQ==

"@next/swc-win32-ia32-msvc@14.1.0":
  version "14.1.0"
  resolved "https://registry.yarnpkg.com/@next/swc-win32-ia32-msvc/-/swc-win32-ia32-msvc-14.1.0.tgz#21f4de1293ac5e5a168a412b139db5d3420a89d0"
  integrity sha512-XXIuB1DBRCFwNO6EEzCTMHT5pauwaSj4SWs7CYnME57eaReAKBXCnkUE80p/pAZcewm7hs+vGvNqDPacEXHVkw==

"@next/swc-win32-x64-msvc@14.1.0":
  version "14.1.0"
  resolved "https://registry.yarnpkg.com/@next/swc-win32-x64-msvc/-/swc-win32-x64-msvc-14.1.0.tgz#e561fb330466d41807123d932b365cf3d33ceba2"
  integrity sha512-9WEbVRRAqJ3YFVqEZIxUqkiO8l1nool1LmNxygr5HWF8AcSYsEpneUDhmjUVJEzO2A04+oPtZdombzzPPkTtgg==

"@panva/hkdf@^1.0.2":
  version "1.1.1"
  resolved "https://registry.yarnpkg.com/@panva/hkdf/-/hkdf-1.1.1.tgz#ab9cd8755d1976e72fc77a00f7655a64efe6cd5d"
  integrity sha512-dhPeilub1NuIG0X5Kvhh9lH4iW3ZsHlnzwgwbOlgwQ2wG1IqFzsgHqmKPk3WzsdWAeaxKJxgM0+W433RmN45GA==

"@prisma/client@^5.9.1":
  version "5.9.1"
  resolved "https://registry.yarnpkg.com/@prisma/client/-/client-5.9.1.tgz#d92bd2f7f006e0316cb4fda9d73f235965cf2c64"
  integrity sha512-caSOnG4kxcSkhqC/2ShV7rEoWwd3XrftokxJqOCMVvia4NYV/TPtJlS9C2os3Igxw/Qyxumj9GBQzcStzECvtQ==

"@prisma/debug@5.9.1":
  version "5.9.1"
  resolved "https://registry.yarnpkg.com/@prisma/debug/-/debug-5.9.1.tgz#906274e73d3267f88b69459199fa3c51cd9511a3"
  integrity sha512-yAHFSFCg8KVoL0oRUno3m60GAjsUKYUDkQ+9BA2X2JfVR3kRVSJFc/GpQ2fSORi4pSHZR9orfM4UC9OVXIFFTA==

"@prisma/engines-version@5.9.0-32.23fdc5965b1e05fc54e5f26ed3de66776b93de64":
  version "5.9.0-32.23fdc5965b1e05fc54e5f26ed3de66776b93de64"
  resolved "https://registry.yarnpkg.com/@prisma/engines-version/-/engines-version-5.9.0-32.23fdc5965b1e05fc54e5f26ed3de66776b93de64.tgz#54d2164f28d23e09d41cf9eb0bddbbe7f3aaa660"
  integrity sha512-HFl7275yF0FWbdcNvcSRbbu9JCBSLMcurYwvWc8WGDnpu7APxQo2ONtZrUggU3WxLxUJ2uBX+0GOFIcJeVeOOQ==

"@prisma/engines@5.9.1":
  version "5.9.1"
  resolved "https://registry.yarnpkg.com/@prisma/engines/-/engines-5.9.1.tgz#767539afc6f193a182d0495b30b027f61f279073"
  integrity sha512-gkdXmjxQ5jktxWNdDA5aZZ6R8rH74JkoKq6LD5mACSvxd2vbqWeWIOV0Py5wFC8vofOYShbt6XUeCIUmrOzOnQ==
  dependencies:
    "@prisma/debug" "5.9.1"
    "@prisma/engines-version" "5.9.0-32.23fdc5965b1e05fc54e5f26ed3de66776b93de64"
    "@prisma/fetch-engine" "5.9.1"
    "@prisma/get-platform" "5.9.1"

"@prisma/fetch-engine@5.9.1":
  version "5.9.1"
  resolved "https://registry.yarnpkg.com/@prisma/fetch-engine/-/fetch-engine-5.9.1.tgz#5d3b2c9af54a242e37b3f9561b59ab72f8e92818"
  integrity sha512-l0goQOMcNVOJs1kAcwqpKq3ylvkD9F04Ioe1oJoCqmz05mw22bNAKKGWuDd3zTUoUZr97va0c/UfLNru+PDmNA==
  dependencies:
    "@prisma/debug" "5.9.1"
    "@prisma/engines-version" "5.9.0-32.23fdc5965b1e05fc54e5f26ed3de66776b93de64"
    "@prisma/get-platform" "5.9.1"

"@prisma/get-platform@5.9.1":
  version "5.9.1"
  resolved "https://registry.yarnpkg.com/@prisma/get-platform/-/get-platform-5.9.1.tgz#a66bb46ab4d30db786c84150ef074ab0aad4549e"
  integrity sha512-6OQsNxTyhvG+T2Ksr8FPFpuPeL4r9u0JF0OZHUBI/Uy9SS43sPyAIutt4ZEAyqWQt104ERh70EZedkHZKsnNbg==
  dependencies:
    "@prisma/debug" "5.9.1"

"@prisma/prisma-schema-wasm@4.17.0-26.6b0aef69b7cdfc787f822ecd7cdc76d5f1991584":
  version "4.17.0-26.6b0aef69b7cdfc787f822ecd7cdc76d5f1991584"
  resolved "https://registry.yarnpkg.com/@prisma/prisma-schema-wasm/-/prisma-schema-wasm-4.17.0-26.6b0aef69b7cdfc787f822ecd7cdc76d5f1991584.tgz#58398a22a15d0a11ae7c8756de2b793bb8abfca3"
  integrity sha512-JFdsnSgBPN8reDTLOI9Vh/6ccCb2aD1LbY/LWQnkcIgNo6IdpzvuM+qRVbBuA6IZP2SdqQI8Lu6RL2P8EFBQUA==

"@repeaterjs/repeater@^3.0.4":
  version "3.0.5"
  resolved "https://registry.yarnpkg.com/@repeaterjs/repeater/-/repeater-3.0.5.tgz#b77571685410217a548a9c753aa3cdfc215bfc78"
  integrity sha512-l3YHBLAol6d/IKnB9LhpD0cEZWAoe3eFKUyTYWmFmCO2Q/WOckxLQAUyMZWwZV2M/m3+4vgRoaolFqaII82/TA==

"@swc/helpers@0.5.2":
  version "0.5.2"
  resolved "https://registry.yarnpkg.com/@swc/helpers/-/helpers-0.5.2.tgz#85ea0c76450b61ad7d10a37050289eded783c27d"
  integrity sha512-E4KcWTpoLHqwPHLxidpOqQbcrZVgi0rsmmZXUle1jXmJfuIf/UWpczUJ7MZZ5tlxytgJXyp0w4PGkkeLiuIdZw==
  dependencies:
    tslib "^2.4.0"

"@types/node@^20.11.19":
  version "20.11.19"
  resolved "https://registry.yarnpkg.com/@types/node/-/node-20.11.19.tgz#b466de054e9cb5b3831bee38938de64ac7f81195"
  integrity sha512-7xMnVEcZFu0DikYjWOlRq7NTPETrm7teqUT2WkQjrTIkEgUyyGdWsj/Zg8bEJt5TNklzbPD1X3fqfsHw3SpapQ==
  dependencies:
    undici-types "~5.26.4"

"@types/prop-types@*":
  version "15.7.11"
  resolved "https://registry.yarnpkg.com/@types/prop-types/-/prop-types-15.7.11.tgz#2596fb352ee96a1379c657734d4b913a613ad563"
  integrity sha512-ga8y9v9uyeiLdpKddhxYQkxNDrfvuPrlFb0N1qnZZByvcElJaXthF1UhvCh9TLWJBEHeNtdnbysW7Y6Uq8CVng==

"@types/react@^18.2.55":
  version "18.2.55"
  resolved "https://registry.yarnpkg.com/@types/react/-/react-18.2.55.tgz#38141821b7084404b5013742bc4ae08e44da7a67"
  integrity sha512-Y2Tz5P4yz23brwm2d7jNon39qoAtMMmalOQv6+fEFt1mT+FcM3D841wDpoUvFXhaYenuROCy3FZYqdTjM7qVyA==
  dependencies:
    "@types/prop-types" "*"
    "@types/scheduler" "*"
    csstype "^3.0.2"

"@types/scheduler@*":
  version "0.16.8"
  resolved "https://registry.yarnpkg.com/@types/scheduler/-/scheduler-0.16.8.tgz#ce5ace04cfeabe7ef87c0091e50752e36707deff"
  integrity sha512-WZLiwShhwLRmeV6zH+GkbOFT6Z6VklCItrDioxUnv+u4Ll+8vKeFySoFyK/0ctcRpOmwAicELfmys1sDc/Rw+A==

"@urql/core@^4.2.0":
  version "4.2.3"
  resolved "https://registry.yarnpkg.com/@urql/core/-/core-4.2.3.tgz#f956e8a33c4bd055c0c5151491843dd46d737f0f"
  integrity sha512-DJ9q9+lcs5JL8DcU2J3NqsgeXYJva+1+Qt8HU94kzTPqVOIRRA7ouvy4ksUfPY+B5G2PQ+vLh+JJGyZCNXv0cg==
  dependencies:
    "@0no-co/graphql.web" "^1.0.1"
    wonka "^6.3.2"

"@whatwg-node/events@^0.1.0":
  version "0.1.1"
  resolved "https://registry.yarnpkg.com/@whatwg-node/events/-/events-0.1.1.tgz#0ca718508249419587e130da26d40e29d99b5356"
  integrity sha512-AyQEn5hIPV7Ze+xFoXVU3QTHXVbWPrzaOkxtENMPMuNL6VVHrp4hHfDt9nrQpjO7BgvuM95dMtkycX5M/DZR3w==

"@whatwg-node/fetch@^0.9.10", "@whatwg-node/fetch@^0.9.7":
  version "0.9.16"
  resolved "https://registry.yarnpkg.com/@whatwg-node/fetch/-/fetch-0.9.16.tgz#c833eb714f41f5d2caf1a345bed7a05f56db7b16"
  integrity sha512-mqasZiUNquRe3ea9+aCAuo81BR6vq5opUKprPilIHTnrg8a21Z1T1OrI+KiMFX8OmwO5HUJe/vro47lpj2JPWQ==
  dependencies:
    "@whatwg-node/node-fetch" "^0.5.5"
    urlpattern-polyfill "^10.0.0"

"@whatwg-node/node-fetch@^0.5.5":
  version "0.5.6"
  resolved "https://registry.yarnpkg.com/@whatwg-node/node-fetch/-/node-fetch-0.5.6.tgz#3ec2044ff66dd78134492b5f2f841bedf1cc73c9"
  integrity sha512-cmAsGMHoI0S3AHi3CmD3ma1Q234ZI2JNmXyDyM9rLtbXejBKxU3ZWdhS+mzRIAyUxZCMGlFW1tHmROv0MDdxpw==
  dependencies:
    "@kamilkisiela/fast-url-parser" "^1.1.4"
    "@whatwg-node/events" "^0.1.0"
    busboy "^1.6.0"
    fast-querystring "^1.1.1"
    tslib "^2.3.1"

"@whatwg-node/server@^0.9.1":
  version "0.9.25"
  resolved "https://registry.yarnpkg.com/@whatwg-node/server/-/server-0.9.25.tgz#23c136ddcb7e5517120bb953ce4d3bac5b96be56"
  integrity sha512-DlPqPPcfyzh4/9Lz1fl4c5bZsGp/1wCh7B+cK8FE1bWoW7tlZkVguvGn/XnYPKthGzEIwo/fLdHwevH44z+eeg==
  dependencies:
    "@whatwg-node/fetch" "^0.9.10"
    tslib "^2.3.1"

busboy@1.6.0, busboy@^1.6.0:
  version "1.6.0"
  resolved "https://registry.yarnpkg.com/busboy/-/busboy-1.6.0.tgz#966ea36a9502e43cdb9146962523b92f531f6893"
  integrity sha512-8SFQbg/0hQ9xy3UNTB0YEnsNBbWfhf7RtnzpL7TkBiTBRfrQ9Fxcnz7VJsleJpyp6rVLvXiuORqjlHi5q+PYuA==
  dependencies:
    streamsearch "^1.1.0"

caniuse-lite@^1.0.30001579:
  version "1.0.30001587"
  resolved "https://registry.yarnpkg.com/caniuse-lite/-/caniuse-lite-1.0.30001587.tgz#a0bce920155fa56a1885a69c74e1163fc34b4881"
  integrity sha512-HMFNotUmLXn71BQxg8cijvqxnIAofforZOwGsxyXJ0qugTdspUF4sPSJ2vhgprHCB996tIDzEq1ubumPDV8ULA==

client-only@0.0.1:
  version "0.0.1"
  resolved "https://registry.yarnpkg.com/client-only/-/client-only-0.0.1.tgz#38bba5d403c41ab150bff64a95c85013cf73bca1"
  integrity sha512-IV3Ou0jSMzZrd3pZ48nLkT9DA7Ag1pnPzaiQhpW7c3RbcqqzvzzVu+L8gfqMp/8IM2MQtSiqaCxrrcfu8I8rMA==

cookie@^0.5.0:
  version "0.5.0"
  resolved "https://registry.yarnpkg.com/cookie/-/cookie-0.5.0.tgz#d1f5d71adec6558c58f389987c366aa47e994f8b"
  integrity sha512-YZ3GUyn/o8gfKJlnlX7g7xq4gyO6OSuhGPKaaGssGB2qgDUS0gPgtTvoyZLTt9Ab6dC4hfc9dV5arkvc/OCmrw==

cross-inspect@1.0.0:
  version "1.0.0"
  resolved "https://registry.yarnpkg.com/cross-inspect/-/cross-inspect-1.0.0.tgz#5fda1af759a148594d2d58394a9e21364f6849af"
  integrity sha512-4PFfn4b5ZN6FMNGSZlyb7wUhuN8wvj8t/VQHZdM4JsDcruGJ8L2kf9zao98QIrBPFCpdk27qst/AGTl7pL3ypQ==
  dependencies:
    tslib "^2.4.0"

csstype@^3.0.2:
  version "3.1.3"
  resolved "https://registry.yarnpkg.com/csstype/-/csstype-3.1.3.tgz#d80ff294d114fb0e6ac500fbf85b60137d7eff81"
  integrity sha512-M1uQkMl8rQK/szD0LNhtqxIPLpimGm8sOBwU7lLnCpSbTyY3yeU1Vc7l4KT5zT4s/yOxHH5O7tIuuLOCnLADRw==

dset@^3.1.1, dset@^3.1.2:
  version "3.1.3"
  resolved "https://registry.yarnpkg.com/dset/-/dset-3.1.3.tgz#c194147f159841148e8e34ca41f638556d9542d2"
  integrity sha512-20TuZZHCEZ2O71q9/+8BwKwZ0QtD9D8ObhrihJPr+vLLYlSuAU3/zL4cSlgbfeoGHTjCSJBa7NGcrF9/Bx/WJQ==

fast-decode-uri-component@^1.0.1:
  version "1.0.1"
  resolved "https://registry.yarnpkg.com/fast-decode-uri-component/-/fast-decode-uri-component-1.0.1.tgz#46f8b6c22b30ff7a81357d4f59abfae938202543"
  integrity sha512-WKgKWg5eUxvRZGwW8FvfbaH7AXSh2cL+3j5fMGzUMCxWBJ3dV3a7Wz8y2f/uQ0e3B6WmodD3oS54jTQ9HVTIIg==

fast-querystring@^1.1.1:
  version "1.1.2"
  resolved "https://registry.yarnpkg.com/fast-querystring/-/fast-querystring-1.1.2.tgz#a6d24937b4fc6f791b4ee31dcb6f53aeafb89f53"
  integrity sha512-g6KuKWmFXc0fID8WWH0jit4g0AGBoJhCkJMb1RmbsSEUNvQ+ZC8D6CUZ+GtF8nMzSPXnhiePyyqqipzNNEnHjg==
  dependencies:
    fast-decode-uri-component "^1.0.1"

graceful-fs@^4.2.11:
  version "4.2.11"
  resolved "https://registry.yarnpkg.com/graceful-fs/-/graceful-fs-4.2.11.tgz#4183e4e8bf08bb6e05bbb2f7d2e0c8f712ca40e3"
  integrity sha512-RbJ5/jmFcNNCcDV5o9eTnBLJ/HszWV0P73bc+Ff4nS/rJj+YaS6IGyiOL0VoBYX+l1Wrl3k63h/KrH+nhJ0XvQ==

graphql-yoga@^5.1.1:
  version "5.1.1"
  resolved "https://registry.yarnpkg.com/graphql-yoga/-/graphql-yoga-5.1.1.tgz#e47f48217a4c7907290fdf164d9a4c7edb50e30b"
  integrity sha512-oak5nVKTHpqJgpA1aT3cJPOlCidrW7l6nbc5L6w07VdFul16ielGI2ZnQDAXO+qQih09/4WspD5x0SsSZH+hkg==
  dependencies:
    "@envelop/core" "^5.0.0"
    "@graphql-tools/executor" "^1.0.0"
    "@graphql-tools/schema" "^10.0.0"
    "@graphql-tools/utils" "^10.0.0"
    "@graphql-yoga/logger" "^2.0.0"
    "@graphql-yoga/subscription" "^5.0.0"
    "@whatwg-node/fetch" "^0.9.7"
    "@whatwg-node/server" "^0.9.1"
    dset "^3.1.1"
    lru-cache "^10.0.0"
    tslib "^2.5.2"

graphql@^16.8.1:
  version "16.8.1"
  resolved "https://registry.yarnpkg.com/graphql/-/graphql-16.8.1.tgz#1930a965bef1170603702acdb68aedd3f3cf6f07"
  integrity sha512-59LZHPdGZVh695Ud9lRzPBVTtlX9ZCV150Er2W43ro37wVof0ctenSaskPPjN7lVTIN8mSZt8PHUNKZuNQUuxw==

jose@^4.11.4, jose@^4.15.4:
  version "4.15.4"
  resolved "https://registry.yarnpkg.com/jose/-/jose-4.15.4.tgz#02a9a763803e3872cf55f29ecef0dfdcc218cc03"
  integrity sha512-W+oqK4H+r5sITxfxpSU+MMdr/YSWGvgZMQDIsNoBDGGy4i7GBPTtvFKibQzW06n3U3TqHjhvBJsirShsEJ6eeQ==

"js-tokens@^3.0.0 || ^4.0.0":
  version "4.0.0"
  resolved "https://registry.yarnpkg.com/js-tokens/-/js-tokens-4.0.0.tgz#19203fb59991df98e3a287050d4647cdeaf32499"
  integrity sha512-RdJUflcE3cUzKiMqQgsCu06FPu9UdIJO0beYbPhHN4k6apgJtifcoCtT9bcxOpYBtpD2kCM6Sbzg4CausW/PKQ==

loose-envify@^1.1.0:
  version "1.4.0"
  resolved "https://registry.yarnpkg.com/loose-envify/-/loose-envify-1.4.0.tgz#71ee51fa7be4caec1a63839f7e682d8132d30caf"
  integrity sha512-lyuxPGr/Wfhrlem2CL/UcnUc1zcqKAImBDzukY7Y5F/yQiNdko6+fRLevlw1HgMySw7f611UIY408EtxRSoK3Q==
  dependencies:
    js-tokens "^3.0.0 || ^4.0.0"

lru-cache@^10.0.0:
  version "10.2.0"
  resolved "https://registry.yarnpkg.com/lru-cache/-/lru-cache-10.2.0.tgz#0bd445ca57363465900f4d1f9bd8db343a4d95c3"
  integrity sha512-2bIM8x+VAf6JT4bKAljS1qUWgMsqZRPGJS6FSahIMPVvctcNhyVp7AJu7quxOW9jwkryBReKZY5tY5JYv2n/7Q==

lru-cache@^6.0.0:
  version "6.0.0"
  resolved "https://registry.yarnpkg.com/lru-cache/-/lru-cache-6.0.0.tgz#6d6fe6570ebd96aaf90fcad1dafa3b2566db3a94"
  integrity sha512-Jo6dJ04CmSjuznwJSS3pUeWmd/H0ffTlkXXgwZi+eq1UCmqQwCh+eLsYOYCwY991i2Fah4h1BEMCx4qThGbsiA==
  dependencies:
    yallist "^4.0.0"

nanoid@^3.3.6:
  version "3.3.7"
  resolved "https://registry.yarnpkg.com/nanoid/-/nanoid-3.3.7.tgz#d0c301a691bc8d54efa0a2226ccf3fe2fd656bd8"
  integrity sha512-eSRppjcPIatRIMC1U6UngP8XFcz8MQWGQdt1MTBQ7NaAmvXDfvNxbvWV3x2y6CdEUciCSsDHDQZbhYaB8QEo2g==

next-auth@^4.24.6:
  version "4.24.6"
  resolved "https://registry.yarnpkg.com/next-auth/-/next-auth-4.24.6.tgz#8cb1848197fdb2479eac2f10e4efa1f1b6b0daaa"
  integrity sha512-djQt3ZEaWEIxcsuh3HTW2uuzLfXMRjHH+ugAsichlQSbH4iA5MRcgMA2HvTNvsDTDLh44tyU72+/gWsxgTbAKg==
  dependencies:
    "@babel/runtime" "^7.20.13"
    "@panva/hkdf" "^1.0.2"
    cookie "^0.5.0"
    jose "^4.11.4"
    oauth "^0.9.15"
    openid-client "^5.4.0"
    preact "^10.6.3"
    preact-render-to-string "^5.1.19"
    uuid "^8.3.2"

next@^14.1.0:
  version "14.1.0"
  resolved "https://registry.yarnpkg.com/next/-/next-14.1.0.tgz#b31c0261ff9caa6b4a17c5af019ed77387174b69"
  integrity sha512-wlzrsbfeSU48YQBjZhDzOwhWhGsy+uQycR8bHAOt1LY1bn3zZEcDyHQOEoN3aWzQ8LHCAJ1nqrWCc9XF2+O45Q==
  dependencies:
    "@next/env" "14.1.0"
    "@swc/helpers" "0.5.2"
    busboy "1.6.0"
    caniuse-lite "^1.0.30001579"
    graceful-fs "^4.2.11"
    postcss "8.4.31"
    styled-jsx "5.1.1"
  optionalDependencies:
    "@next/swc-darwin-arm64" "14.1.0"
    "@next/swc-darwin-x64" "14.1.0"
    "@next/swc-linux-arm64-gnu" "14.1.0"
    "@next/swc-linux-arm64-musl" "14.1.0"
    "@next/swc-linux-x64-gnu" "14.1.0"
    "@next/swc-linux-x64-musl" "14.1.0"
    "@next/swc-win32-arm64-msvc" "14.1.0"
    "@next/swc-win32-ia32-msvc" "14.1.0"
    "@next/swc-win32-x64-msvc" "14.1.0"

oauth@^0.9.15:
  version "0.9.15"
  resolved "https://registry.yarnpkg.com/oauth/-/oauth-0.9.15.tgz#bd1fefaf686c96b75475aed5196412ff60cfb9c1"
  integrity sha512-a5ERWK1kh38ExDEfoO6qUHJb32rd7aYmPHuyCu3Fta/cnICvYmgd2uhuKXvPD+PXB+gCEYYEaQdIRAjCOwAKNA==

object-hash@^2.2.0:
  version "2.2.0"
  resolved "https://registry.yarnpkg.com/object-hash/-/object-hash-2.2.0.tgz#5ad518581eefc443bd763472b8ff2e9c2c0d54a5"
  integrity sha512-gScRMn0bS5fH+IuwyIFgnh9zBdo4DV+6GhygmWM9HyNJSgS0hScp1f5vjtm7oIIOiT9trXrShAkLFSc2IqKNgw==

oidc-token-hash@^5.0.3:
  version "5.0.3"
  resolved "https://registry.yarnpkg.com/oidc-token-hash/-/oidc-token-hash-5.0.3.tgz#9a229f0a1ce9d4fc89bcaee5478c97a889e7b7b6"
  integrity sha512-IF4PcGgzAr6XXSff26Sk/+P4KZFJVuHAJZj3wgO3vX2bMdNVp/QXTP3P7CEm9V1IdG8lDLY3HhiqpsE/nOwpPw==

openid-client@^5.4.0:
  version "5.6.4"
  resolved "https://registry.yarnpkg.com/openid-client/-/openid-client-5.6.4.tgz#b2c25e6d5338ba3ce00e04341bb286798a196177"
  integrity sha512-T1h3B10BRPKfcObdBklX639tVz+xh34O7GjofqrqiAQdm7eHsQ00ih18x6wuJ/E6FxdtS2u3FmUGPDeEcMwzNA==
  dependencies:
    jose "^4.15.4"
    lru-cache "^6.0.0"
    object-hash "^2.2.0"
    oidc-token-hash "^5.0.3"

picocolors@^1.0.0:
  version "1.0.0"
  resolved "https://registry.yarnpkg.com/picocolors/-/picocolors-1.0.0.tgz#cb5bdc74ff3f51892236eaf79d68bc44564ab81c"
  integrity sha512-1fygroTLlHu66zi26VoTDv8yRgm0Fccecssto+MhsZ0D/DGW2sm8E8AjW7NU5VVTRt5GxbeZ5qBuJr+HyLYkjQ==

postcss@8.4.31:
  version "8.4.31"
  resolved "https://registry.yarnpkg.com/postcss/-/postcss-8.4.31.tgz#92b451050a9f914da6755af352bdc0192508656d"
  integrity sha512-PS08Iboia9mts/2ygV3eLpY5ghnUcfLV/EXTOW1E2qYxJKGGBUtNjN76FYHnMs36RmARn41bC0AZmn+rR0OVpQ==
  dependencies:
    nanoid "^3.3.6"
    picocolors "^1.0.0"
    source-map-js "^1.0.2"

preact-render-to-string@^5.1.19:
  version "5.2.6"
  resolved "https://registry.yarnpkg.com/preact-render-to-string/-/preact-render-to-string-5.2.6.tgz#0ff0c86cd118d30affb825193f18e92bd59d0604"
  integrity sha512-JyhErpYOvBV1hEPwIxc/fHWXPfnEGdRKxc8gFdAZ7XV4tlzyzG847XAyEZqoDnynP88akM4eaHcSOzNcLWFguw==
  dependencies:
    pretty-format "^3.8.0"

preact@^10.6.3:
  version "10.19.3"
  resolved "https://registry.yarnpkg.com/preact/-/preact-10.19.3.tgz#7a7107ed2598a60676c943709ea3efb8aaafa899"
  integrity sha512-nHHTeFVBTHRGxJXKkKu5hT8C/YWBkPso4/Gad6xuj5dbptt9iF9NZr9pHbPhBrnT2klheu7mHTxTZ/LjwJiEiQ==

prettier-plugin-prisma@^5.0.0:
  version "5.0.0"
  resolved "https://registry.yarnpkg.com/prettier-plugin-prisma/-/prettier-plugin-prisma-5.0.0.tgz#f61f7419453a5ce9973156f1ac9d8309fad44e48"
  integrity sha512-jTJV04D9+yF7ziOOMs7CJe4ijgAH7DEGjt0SAWAToGNRy1H6BEhvcKA2UQH6gC6KVW5zeeOSAvsoiDDTt9oKXg==
  dependencies:
    "@prisma/prisma-schema-wasm" "4.17.0-26.6b0aef69b7cdfc787f822ecd7cdc76d5f1991584"

prettier@^3.2.5:
  version "3.2.5"
  resolved "https://registry.yarnpkg.com/prettier/-/prettier-3.2.5.tgz#e52bc3090586e824964a8813b09aba6233b28368"
  integrity sha512-3/GWa9aOC0YeD7LUfvOG2NiDyhOWRvt1k+rcKhOuYnMY24iiCphgneUfJDyFXd6rZCAnuLBv6UeAULtrhT/F4A==

pretty-format@^3.8.0:
  version "3.8.0"
  resolved "https://registry.yarnpkg.com/pretty-format/-/pretty-format-3.8.0.tgz#bfbed56d5e9a776645f4b1ff7aa1a3ac4fa3c385"
  integrity sha512-WuxUnVtlWL1OfZFQFuqvnvs6MiAGk9UNsBostyBOB0Is9wb5uRESevA6rnl/rkksXaGX3GzZhPup5d6Vp1nFew==

prisma@^5.9.1:
  version "5.9.1"
  resolved "https://registry.yarnpkg.com/prisma/-/prisma-5.9.1.tgz#baa3dd635fbf71504980978f10f55ea11068f6aa"
  integrity sha512-Hy/8KJZz0ELtkw4FnG9MS9rNWlXcJhf98Z2QMqi0QiVMoS8PzsBkpla0/Y5hTlob8F3HeECYphBjqmBxrluUrQ==
  dependencies:
    "@prisma/engines" "5.9.1"

react-dom@^18.2.0:
  version "18.2.0"
  resolved "https://registry.yarnpkg.com/react-dom/-/react-dom-18.2.0.tgz#22aaf38708db2674ed9ada224ca4aa708d821e3d"
  integrity sha512-6IMTriUmvsjHUjNtEDudZfuDQUoWXVxKHhlEGSk81n4YFS+r/Kl99wXiwlVXtPBtJenozv2P+hxDsw9eA7Xo6g==
  dependencies:
    loose-envify "^1.1.0"
    scheduler "^0.23.0"

react@^18.2.0:
  version "18.2.0"
  resolved "https://registry.yarnpkg.com/react/-/react-18.2.0.tgz#555bd98592883255fa00de14f1151a917b5d77d5"
  integrity sha512-/3IjMdb2L9QbBdWiW5e3P2/npwMBaU9mHCSCUzNln0ZCYbcfTsGbTJrU/kGemdH2IWmB2ioZ+zkxtmq6g09fGQ==
  dependencies:
    loose-envify "^1.1.0"

regenerator-runtime@^0.14.0:
  version "0.14.1"
  resolved "https://registry.yarnpkg.com/regenerator-runtime/-/regenerator-runtime-0.14.1.tgz#356ade10263f685dda125100cd862c1db895327f"
  integrity sha512-dYnhHh0nJoMfnkZs6GmmhFknAGRrLznOu5nc9ML+EJxGvrx6H7teuevqVqCuPcPK//3eDrrjQhehXVx9cnkGdw==

scheduler@^0.23.0:
  version "0.23.0"
  resolved "https://registry.yarnpkg.com/scheduler/-/scheduler-0.23.0.tgz#ba8041afc3d30eb206a487b6b384002e4e61fdfe"
  integrity sha512-CtuThmgHNg7zIZWAXi3AsyIzA3n4xx7aNyjwC2VJldO2LMVDhFK+63xGqq6CsJH4rTAt6/M+N4GhZiDYPx9eUw==
  dependencies:
    loose-envify "^1.1.0"

source-map-js@^1.0.2:
  version "1.0.2"
  resolved "https://registry.yarnpkg.com/source-map-js/-/source-map-js-1.0.2.tgz#adbc361d9c62df380125e7f161f71c826f1e490c"
  integrity sha512-R0XvVJ9WusLiqTCEiGCmICCMplcCkIwwR11mOSD9CR5u+IXYdiseeEuXCVAjS54zqwkLcPNnmU4OeJ6tUrWhDw==

streamsearch@^1.1.0:
  version "1.1.0"
  resolved "https://registry.yarnpkg.com/streamsearch/-/streamsearch-1.1.0.tgz#404dd1e2247ca94af554e841a8ef0eaa238da764"
  integrity sha512-Mcc5wHehp9aXz1ax6bZUyY5afg9u2rv5cqQI3mRrYkGC8rW2hM02jWuwjtL++LS5qinSyhj2QfLyNsuc+VsExg==

styled-jsx@5.1.1:
  version "5.1.1"
  resolved "https://registry.yarnpkg.com/styled-jsx/-/styled-jsx-5.1.1.tgz#839a1c3aaacc4e735fed0781b8619ea5d0009d1f"
  integrity sha512-pW7uC1l4mBZ8ugbiZrcIsiIvVx1UmTfw7UkC3Um2tmfUq9Bhk8IiyEIPl6F8agHgjzku6j0xQEZbfA5uSgSaCw==
  dependencies:
    client-only "0.0.1"

tslib@^2.3.1, tslib@^2.4.0, tslib@^2.5.0, tslib@^2.5.2:
  version "2.6.2"
  resolved "https://registry.yarnpkg.com/tslib/-/tslib-2.6.2.tgz#703ac29425e7b37cd6fd456e92404d46d1f3e4ae"
  integrity sha512-AEYxH93jGFPn/a2iVAwW87VuUIkR1FVUKB77NwMF7nBTDkDrrT/Hpt/IrCJ0QXhW27jTBDcf5ZY7w6RiqTMw2Q==

typescript@^5.3.3:
  version "5.3.3"
  resolved "https://registry.yarnpkg.com/typescript/-/typescript-5.3.3.tgz#b3ce6ba258e72e6305ba66f5c9b452aaee3ffe37"
  integrity sha512-pXWcraxM0uxAS+tN0AG/BF2TyqmHO014Z070UsJ+pFvYuRSq8KH8DmWpnbXe0pEPDHXZV3FcAbJkijJ5oNEnWw==

undici-types@~5.26.4:
  version "5.26.5"
  resolved "https://registry.yarnpkg.com/undici-types/-/undici-types-5.26.5.tgz#bcd539893d00b56e964fd2657a4866b221a65617"
  integrity sha512-JlCMO+ehdEIKqlFxk6IfVoAUVmgz7cU7zD/h9XZ0qzeosSHmUJVOzSQvvYSYWXkFXC+IfLKSIffhv0sVZup6pA==

urlpattern-polyfill@^10.0.0:
  version "10.0.0"
  resolved "https://registry.yarnpkg.com/urlpattern-polyfill/-/urlpattern-polyfill-10.0.0.tgz#f0a03a97bfb03cdf33553e5e79a2aadd22cac8ec"
  integrity sha512-H/A06tKD7sS1O1X2SshBVeA5FLycRpjqiBeqGKmBwBDBy28EnRjORxTNe269KSSr5un5qyWi1iL61wLxpd+ZOg==

urql@^4.0.6:
  version "4.0.6"
  resolved "https://registry.yarnpkg.com/urql/-/urql-4.0.6.tgz#2a2442da7ca63689559b0eff763b17ed4213928e"
  integrity sha512-meXJ2puOd64uCGKh7Fse2R7gPa8+ZpBOoA62jN7CPXXUt7SVZSdeXWSpB3HvlfzLUkEqsWbvshwrgeWRYNNGaQ==
  dependencies:
    "@urql/core" "^4.2.0"
    wonka "^6.3.2"

uuid@^8.3.2:
  version "8.3.2"
  resolved "https://registry.yarnpkg.com/uuid/-/uuid-8.3.2.tgz#80d5b5ced271bb9af6c445f21a1a04c606cefbe2"
  integrity sha512-+NYs2QeMWy+GWFOEm9xnn6HCDp0l7QBD7ml8zLUmJ+93Q5NF0NocErnwkTkXVFNiX3/fpC6afS8Dhb/gz7R7eg==

value-or-promise@^1.0.12:
  version "1.0.12"
  resolved "https://registry.yarnpkg.com/value-or-promise/-/value-or-promise-1.0.12.tgz#0e5abfeec70148c78460a849f6b003ea7986f15c"
  integrity sha512-Z6Uz+TYwEqE7ZN50gwn+1LCVo9ZVrpxRPOhOLnncYkY1ZzOYtrX8Fwf/rFktZ8R5mJms6EZf5TqNOMeZmnPq9Q==

wonka@^6.3.2:
  version "6.3.4"
  resolved "https://registry.yarnpkg.com/wonka/-/wonka-6.3.4.tgz#76eb9316e3d67d7febf4945202b5bdb2db534594"
  integrity sha512-CjpbqNtBGNAeyNS/9W6q3kSkKE52+FjIj7AkFlLr11s/VWGUu6a2CdYSdGxocIhIVjaW/zchesBQUKPVU69Cqg==

yallist@^4.0.0:
  version "4.0.0"
  resolved "https://registry.yarnpkg.com/yallist/-/yallist-4.0.0.tgz#9bb92790d9c0effec63be73519e11a35019a3a72"
  integrity sha512-3wdGidZyq5PB084XLES5TpOSRA3wjXAlIWMhum2kRcv/41Sn2emQ0dycQW4uZXLejwKvg6EsvbdlVL+FYEct7A==
